
Microsoft Visual Studio Solution File, Format Version 12.00
# Visual Studio Version 17
VisualStudioVersion = 17.14.36408.4 d17.14
MinimumVisualStudioVersion = 10.0.40219.1
Project("{FAE04EC0-301F-11D3-BF4B-00C04F79EFBC}") = "DarkSoulsSeriesComboRandomizer", "DarkSoulsSeriesComboRandomizer\DarkSoulsSeriesComboRandomizer.csproj", "{3130B15A-5171-41A5-897C-AF8BBB8A893A}"
EndProject
Project("{FAE04EC0-301F-11D3-BF4B-00C04F79EFBC}") = "PropertyHook", "..\..\PropertyHook\PropertyHook\PropertyHook.csproj", "{18EFF8D2-C4D5-4E18-9A31-38E106BA1CF7}"
EndProject
Global
	GlobalSection(SolutionConfigurationPlatforms) = preSolution
		Debug|Any CPU = Debug|Any CPU
		Release|Any CPU = Release|Any CPU
	EndGlobalSection
	GlobalSection(ProjectConfigurationPlatforms) = postSolution
		{3130B15A-5171-41A5-897C-AF8BBB8A893A}.Debug|Any CPU.ActiveCfg = Debug|Any CPU
		{3130B15A-5171-41A5-897C-AF8BBB8A893A}.Debug|Any CPU.Build.0 = Debug|Any CPU
		{3130B15A-5171-41A5-897C-AF8BBB8A893A}.Release|Any CPU.ActiveCfg = Release|Any CPU
		{3130B15A-5171-41A5-897C-AF8BBB8A893A}.Release|Any CPU.Build.0 = Release|Any CPU
		{18EFF8D2-C4D5-4E18-9A31-38E106BA1CF7}.Debug|Any CPU.ActiveCfg = Debug|Any CPU
		{18EFF8D2-C4D5-4E18-9A31-38E106BA1CF7}.Debug|Any CPU.Build.0 = Debug|Any CPU
		{18EFF8D2-C4D5-4E18-9A31-38E106BA1CF7}.Release|Any CPU.ActiveCfg = Release|Any CPU
		{18EFF8D2-C4D5-4E18-9A31-38E106BA1CF7}.Release|Any CPU.Build.0 = Release|Any CPU
	EndGlobalSection
	GlobalSection(SolutionProperties) = preSolution
		HideSolutionNode = FALSE
	EndGlobalSection
	GlobalSection(ExtensibilityGlobals) = postSolution
		SolutionGuid = {8FD9D6E5-6E22-4CB0-912E-1011353A39D8}
	EndGlobalSection
EndGlobal
